
Microsoft Visual Studio Solution File, Format Version 12.00
# Visual Studio Version 17
VisualStudioVersion = 17.0.31717.71
MinimumVisualStudioVersion = 10.0.40219.1
Project("{FAE04EC0-301F-11D3-BF4B-00C04F79EFBC}") = "firstCode", "firstCode\firstCode.csproj", "{0854C6F6-8FA7-4D6E-9FE2-FF11E9AB460F}"
EndProject
Global
	GlobalSection(SolutionConfigurationPlatforms) = preSolution
		Debug|Any CPU = Debug|Any CPU
		Release|Any CPU = Release|Any CPU
	EndGlobalSection
	GlobalSection(ProjectConfigurationPlatforms) = postSolution
		{0854C6F6-8FA7-4D6E-9FE2-FF11E9AB460F}.Debug|Any CPU.ActiveCfg = Debug|Any CPU
		{0854C6F6-8FA7-4D6E-9FE2-FF11E9AB460F}.Debug|Any CPU.Build.0 = Debug|Any CPU
		{0854C6F6-8FA7-4D6E-9FE2-FF11E9AB460F}.Release|Any CPU.ActiveCfg = Release|Any CPU
		{0854C6F6-8FA7-4D6E-9FE2-FF11E9AB460F}.Release|Any CPU.Build.0 = Release|Any CPU
	EndGlobalSection
	GlobalSection(SolutionProperties) = preSolution
		HideSolutionNode = FALSE
	EndGlobalSection
	GlobalSection(ExtensibilityGlobals) = postSolution
		SolutionGuid = {A4F1215D-4FF2-454D-8ACD-4867016D12E5}
	EndGlobalSection
EndGlobal
